
Microsoft Visual Studio Solution File, Format Version 12.00
# Visual Studio 2013
VisualStudioVersion = 12.0.30110.0
MinimumVisualStudioVersion = 10.0.40219.1
Project("{FAE04EC0-301F-11D3-BF4B-00C04F79EFBC}") = "Basco", "Basco\Basco.csproj", "{42BC5E18-622C-4DF1-847F-AA7BB9E1DAEB}"
EndProject
Project("{FAE04EC0-301F-11D3-BF4B-00C04F79EFBC}") = "Basco.Test", "Basco.Test\Basco.Test.csproj", "{D2237910-AC46-4B84-A042-0BF78E87414E}"
EndProject
Project("{FAE04EC0-301F-11D3-BF4B-00C04F79EFBC}") = "Basco.Samples", "Basco.Samples\Basco.Samples.csproj", "{8C447F9A-31B0-4AF5-BBF7-688C74F887C7}"
EndProject
Project("{FAE04EC0-301F-11D3-BF4B-00C04F79EFBC}") = "Basco.NinjectBindingExtension", "Basco.NinjectBindingExtension\Basco.NinjectBindingExtension.csproj", "{98F75B6E-5EFA-4FDF-B17E-28266B395CE6}"
EndProject
Global
	GlobalSection(SolutionConfigurationPlatforms) = preSolution
		Debug|Any CPU = Debug|Any CPU
		Release|Any CPU = Release|Any CPU
	EndGlobalSection
	GlobalSection(ProjectConfigurationPlatforms) = postSolution
		{42BC5E18-622C-4DF1-847F-AA7BB9E1DAEB}.Debug|Any CPU.ActiveCfg = Debug|Any CPU
		{42BC5E18-622C-4DF1-847F-AA7BB9E1DAEB}.Debug|Any CPU.Build.0 = Debug|Any CPU
		{42BC5E18-622C-4DF1-847F-AA7BB9E1DAEB}.Release|Any CPU.ActiveCfg = Release|Any CPU
		{42BC5E18-622C-4DF1-847F-AA7BB9E1DAEB}.Release|Any CPU.Build.0 = Release|Any CPU
		{D2237910-AC46-4B84-A042-0BF78E87414E}.Debug|Any CPU.ActiveCfg = Debug|Any CPU
		{D2237910-AC46-4B84-A042-0BF78E87414E}.Debug|Any CPU.Build.0 = Debug|Any CPU
		{D2237910-AC46-4B84-A042-0BF78E87414E}.Release|Any CPU.ActiveCfg = Release|Any CPU
		{D2237910-AC46-4B84-A042-0BF78E87414E}.Release|Any CPU.Build.0 = Release|Any CPU
		{8C447F9A-31B0-4AF5-BBF7-688C74F887C7}.Debug|Any CPU.ActiveCfg = Debug|Any CPU
		{8C447F9A-31B0-4AF5-BBF7-688C74F887C7}.Debug|Any CPU.Build.0 = Debug|Any CPU
		{8C447F9A-31B0-4AF5-BBF7-688C74F887C7}.Release|Any CPU.ActiveCfg = Release|Any CPU
		{8C447F9A-31B0-4AF5-BBF7-688C74F887C7}.Release|Any CPU.Build.0 = Release|Any CPU
		{98F75B6E-5EFA-4FDF-B17E-28266B395CE6}.Debug|Any CPU.ActiveCfg = Debug|Any CPU
		{98F75B6E-5EFA-4FDF-B17E-28266B395CE6}.Debug|Any CPU.Build.0 = Debug|Any CPU
		{98F75B6E-5EFA-4FDF-B17E-28266B395CE6}.Release|Any CPU.ActiveCfg = Release|Any CPU
		{98F75B6E-5EFA-4FDF-B17E-28266B395CE6}.Release|Any CPU.Build.0 = Release|Any CPU
	EndGlobalSection
	GlobalSection(SolutionProperties) = preSolution
		HideSolutionNode = FALSE
	EndGlobalSection
EndGlobal
